
Microsoft Visual Studio Solution File, Format Version 12.00
# Visual Studio Version 17
VisualStudioVersion = 17.13.35806.99 d17.13
MinimumVisualStudioVersion = 10.0.40219.1
Project("{FAE04EC0-301F-11D3-BF4B-00C04F79EFBC}") = "myPass", "myPass\myPass.csproj", "{ECD2885C-10C7-453B-8531-71E9FB7A747B}"
EndProject
Global
	GlobalSection(SolutionConfigurationPlatforms) = preSolution
		Debug|Any CPU = Debug|Any CPU
		Release|Any CPU = Release|Any CPU
	EndGlobalSection
	GlobalSection(ProjectConfigurationPlatforms) = postSolution
		{ECD2885C-10C7-453B-8531-71E9FB7A747B}.Debug|Any CPU.ActiveCfg = Debug|Any CPU
		{ECD2885C-10C7-453B-8531-71E9FB7A747B}.Debug|Any CPU.Build.0 = Debug|Any CPU
		{ECD2885C-10C7-453B-8531-71E9FB7A747B}.Release|Any CPU.ActiveCfg = Release|Any CPU
		{ECD2885C-10C7-453B-8531-71E9FB7A747B}.Release|Any CPU.Build.0 = Release|Any CPU
	EndGlobalSection
	GlobalSection(SolutionProperties) = preSolution
		HideSolutionNode = FALSE
	EndGlobalSection
	GlobalSection(ExtensibilityGlobals) = postSolution
		SolutionGuid = {51D2C7B5-465A-4C97-8035-FAD9459DC9EB}
	EndGlobalSection
EndGlobal
